
Microsoft Visual Studio Solution File, Format Version 12.00
# Visual Studio Version 17
VisualStudioVersion = 17.5.002.0
MinimumVisualStudioVersion = 10.0.40219.1
Project("{9A19103F-16F7-4668-BE54-9A1E7A4F7556}") = "NunesSports", "NunesSports.csproj", "{2C416F64-81CB-4817-906D-5EB31877D893}"
EndProject
Global
	GlobalSection(SolutionConfigurationPlatforms) = preSolution
		Debug|Any CPU = Debug|Any CPU
		Release|Any CPU = Release|Any CPU
	EndGlobalSection
	GlobalSection(ProjectConfigurationPlatforms) = postSolution
		{2C416F64-81CB-4817-906D-5EB31877D893}.Debug|Any CPU.ActiveCfg = Debug|Any CPU
		{2C416F64-81CB-4817-906D-5EB31877D893}.Debug|Any CPU.Build.0 = Debug|Any CPU
		{2C416F64-81CB-4817-906D-5EB31877D893}.Release|Any CPU.ActiveCfg = Release|Any CPU
		{2C416F64-81CB-4817-906D-5EB31877D893}.Release|Any CPU.Build.0 = Release|Any CPU
	EndGlobalSection
	GlobalSection(SolutionProperties) = preSolution
		HideSolutionNode = FALSE
	EndGlobalSection
	GlobalSection(ExtensibilityGlobals) = postSolution
		SolutionGuid = {DD7EBCED-CE78-4838-A999-BEC0D0C93B47}
	EndGlobalSection
EndGlobal
